github.com/Masterminds/semver/v3 v3.5.0 h1:kQceYJfbupGfZOKZQg0kou0DgAKhzDg2NZPAwZ/2OOE=
github.com/Masterminds/semver/v3 v3.5.0/go.mod h1:4V+yj/TJE1HU9XfppCwVMZq3I84lprf4nC11bSS5beM=
github.com/aws/jsii-runtime-go v1.139.0 h1:DztokuBoSq07v37guk9a/iVA7anRbXxceE7n1uCamBA=
github.com/aws/jsii-runtime-go v1.139.0/go.mod h1:vvtBJq3wyyJu4sLicDayzacDtvkmGTtwxPGv4JejKhw=
